// !$*UTF8*$!
{
	archiveVersion = 1;
	classes = {
	};
	objectVersion = 46;
	objects = {

/* Begin PBXBuildFile section */
		1C55C7581E5A94DA003ECC5B /* ViewController.m in Sources */ = {isa = PBXBuildFile; fileRef = 1C55C7571E5A94DA003ECC5B /* ViewController.m */; };
		1C5778331E52A4EF00550E0E /* main.m in Sources */ = {isa = PBXBuildFile; fileRef = 1C5778321E52A4EF00550E0E /* main.m */; };
		1C5778361E52A4EF00550E0E /* AppDelegate.m in Sources */ = {isa = PBXBuildFile; fileRef = 1C5778351E52A4EF00550E0E /* AppDelegate.m */; };
		1C5778391E52A4EF00550E0E /* ZJPhotoBrowser.m in Sources */ = {isa = PBXBuildFile; fileRef = 1C5778381E52A4EF00550E0E /* ZJPhotoBrowser.m */; };
		1C57783C1E52A4EF00550E0E /* Main.storyboard in Resources */ = {isa = PBXBuildFile; fileRef = 1C57783A1E52A4EF00550E0E /* Main.storyboard */; };
		1C57783E1E52A4EF00550E0E /* Assets.xcassets in Resources */ = {isa = PBXBuildFile; fileRef = 1C57783D1E52A4EF00550E0E /* Assets.xcassets */; };
		1C5778411E52A4EF00550E0E /* LaunchScreen.storyboard in Resources */ = {isa = PBXBuildFile; fileRef = 1C57783F1E52A4EF00550E0E /* LaunchScreen.storyboard */; };
		1C57784C1E52A4EF00550E0E /* ZJPhotoBrowerTests.m in Sources */ = {isa = PBXBuildFile; fileRef = 1C57784B1E52A4EF00550E0E /* ZJPhotoBrowerTests.m */; };
		1C5778571E52A4EF00550E0E /* ZJPhotoBrowerUITests.m in Sources */ = {isa = PBXBuildFile; fileRef = 1C5778561E52A4EF00550E0E /* ZJPhotoBrowerUITests.m */; };
		1C5779681E52B06000550E0E /* ZJPhotoItem.m in Sources */ = {isa = PBXBuildFile; fileRef = 1C5779671E52B06000550E0E /* ZJPhotoItem.m */; };
		1C5779701E52F3C100550E0E /* ZJPhotoView.m in Sources */ = {isa = PBXBuildFile; fileRef = 1C57796F1E52F3C100550E0E /* ZJPhotoView.m */; };
		1C5779731E52F3FE00550E0E /* ZJProgressLayer.m in Sources */ = {isa = PBXBuildFile; fileRef = 1C5779721E52F3FE00550E0E /* ZJProgressLayer.m */; };
		5004896B19D1F3CEB111E2EA /* libPods-ZJPhotoBrower.a in Frameworks */ = {isa = PBXBuildFile; fileRef = 7FAF82F0B7179C30037AF43B /* libPods-ZJPhotoBrower.a */; };
/* End PBXBuildFile section */

/* Begin PBXContainerItemProxy section */
		1C5778481E52A4EF00550E0E /* PBXContainerItemProxy */ = {
			isa = PBXContainerItemProxy;
			containerPortal = 1C5778261E52A4EF00550E0E /* Project object */;
			proxyType = 1;
			remoteGlobalIDString = 1C57782D1E52A4EF00550E0E;
			remoteInfo = ZJPhotoBrower;
		};
		1C5778531E52A4EF00550E0E /* PBXContainerItemProxy */ = {
			isa = PBXContainerItemProxy;
			containerPortal = 1C5778261E52A4EF00550E0E /* Project object */;
			proxyType = 1;
			remoteGlobalIDString = 1C57782D1E52A4EF00550E0E;
			remoteInfo = ZJPhotoBrower;
		};
/* End PBXContainerItemProxy section */

/* Begin PBXFileReference section */
		1C55C7561E5A94DA003ECC5B /* ViewController.h */ = {isa = PBXFileReference; fileEncoding = 4; lastKnownFileType = sourcecode.c.h; path = ViewController.h; sourceTree = "<group>"; };
		1C55C7571E5A94DA003ECC5B /* ViewController.m */ = {isa = PBXFileReference; fileEncoding = 4; lastKnownFileType = sourcecode.c.objc; path = ViewController.m; sourceTree = "<group>"; };
		1C57782E1E52A4EF00550E0E /* ZJPhotoBrower.app */ = {isa = PBXFileReference; explicitFileType = wrapper.application; includeInIndex = 0; path = ZJPhotoBrower.app; sourceTree = BUILT_PRODUCTS_DIR; };
		1C5778321E52A4EF00550E0E /* main.m */ = {isa = PBXFileReference; lastKnownFileType = sourcecode.c.objc; path = main.m; sourceTree = "<group>"; };
		1C5778341E52A4EF00550E0E /* AppDelegate.h */ = {isa = PBXFileReference; lastKnownFileType = sourcecode.c.h; path = AppDelegate.h; sourceTree = "<group>"; };
		1C5778351E52A4EF00550E0E /* AppDelegate.m */ = {isa = PBXFileReference; lastKnownFileType = sourcecode.c.objc; path = AppDelegate.m; sourceTree = "<group>"; };
		1C5778371E52A4EF00550E0E /* ZJPhotoBrowser.h */ = {isa = PBXFileReference; lastKnownFileType = sourcecode.c.h; path = ZJPhotoBrowser.h; sourceTree = "<group>"; };
		1C5778381E52A4EF00550E0E /* ZJPhotoBrowser.m */ = {isa = PBXFileReference; lastKnownFileType = sourcecode.c.objc; path = ZJPhotoBrowser.m; sourceTree = "<group>"; };
		1C57783B1E52A4EF00550E0E /* Base */ = {isa = PBXFileReference; lastKnownFileType = file.storyboard; name = Base; path = Base.lproj/Main.storyboard; sourceTree = "<group>"; };
		1C57783D1E52A4EF00550E0E /* Assets.xcassets */ = {isa = PBXFileReference; lastKnownFileType = folder.assetcatalog; path = Assets.xcassets; sourceTree = "<group>"; };
		1C5778401E52A4EF00550E0E /* Base */ = {isa = PBXFileReference; lastKnownFileType = file.storyboard; name = Base; path = Base.lproj/LaunchScreen.storyboard; sourceTree = "<group>"; };
		1C5778421E52A4EF00550E0E /* Info.plist */ = {isa = PBXFileReference; lastKnownFileType = text.plist.xml; path = Info.plist; sourceTree = "<group>"; };
		1C5778471E52A4EF00550E0E /* ZJPhotoBrowerTests.xctest */ = {isa = PBXFileReference; explicitFileType = wrapper.cfbundle; includeInIndex = 0; path = ZJPhotoBrowerTests.xctest; sourceTree = BUILT_PRODUCTS_DIR; };
		1C57784B1E52A4EF00550E0E /* ZJPhotoBrowerTests.m */ = {isa = PBXFileReference; lastKnownFileType = sourcecode.c.objc; path = ZJPhotoBrowerTests.m; sourceTree = "<group>"; };
		1C57784D1E52A4EF00550E0E /* Info.plist */ = {isa = PBXFileReference; lastKnownFileType = text.plist.xml; path = Info.plist; sourceTree = "<group>"; };
		1C5778521E52A4EF00550E0E /* ZJPhotoBrowerUITests.xctest */ = {isa = PBXFileReference; explicitFileType = wrapper.cfbundle; includeInIndex = 0; path = ZJPhotoBrowerUITests.xctest; sourceTree = BUILT_PRODUCTS_DIR; };
		1C5778561E52A4EF00550E0E /* ZJPhotoBrowerUITests.m */ = {isa = PBXFileReference; lastKnownFileType = sourcecode.c.objc; path = ZJPhotoBrowerUITests.m; sourceTree = "<group>"; };
		1C5778581E52A4EF00550E0E /* Info.plist */ = {isa = PBXFileReference; lastKnownFileType = text.plist.xml; path = Info.plist; sourceTree = "<group>"; };
		1C5779661E52B06000550E0E /* ZJPhotoItem.h */ = {isa = PBXFileReference; fileEncoding = 4; lastKnownFileType = sourcecode.c.h; path = ZJPhotoItem.h; sourceTree = "<group>"; };
		1C5779671E52B06000550E0E /* ZJPhotoItem.m */ = {isa = PBXFileReference; fileEncoding = 4; lastKnownFileType = sourcecode.c.objc; path = ZJPhotoItem.m; sourceTree = "<group>"; };
		1C57796E1E52F3C100550E0E /* ZJPhotoView.h */ = {isa = PBXFileReference; fileEncoding = 4; lastKnownFileType = sourcecode.c.h; path = ZJPhotoView.h; sourceTree = "<group>"; };
		1C57796F1E52F3C100550E0E /* ZJPhotoView.m */ = {isa = PBXFileReference; fileEncoding = 4; lastKnownFileType = sourcecode.c.objc; path = ZJPhotoView.m; sourceTree = "<group>"; };
		1C5779711E52F3FE00550E0E /* ZJProgressLayer.h */ = {isa = PBXFileReference; fileEncoding = 4; lastKnownFileType = sourcecode.c.h; path = ZJProgressLayer.h; sourceTree = "<group>"; };
		1C5779721E52F3FE00550E0E /* ZJProgressLayer.m */ = {isa = PBXFileReference; fileEncoding = 4; lastKnownFileType = sourcecode.c.objc; path = ZJProgressLayer.m; sourceTree = "<group>"; };
		7FAF82F0B7179C30037AF43B /* libPods-ZJPhotoBrower.a */ = {isa = PBXFileReference; explicitFileType = archive.ar; includeInIndex = 0; path = "libPods-ZJPhotoBrower.a"; sourceTree = BUILT_PRODUCTS_DIR; };
		D5AA4AF028E2D1E605B420ED /* Pods-ZJPhotoBrower.release.xcconfig */ = {isa = PBXFileReference; includeInIndex = 1; lastKnownFileType = text.xcconfig; name = "Pods-ZJPhotoBrower.release.xcconfig"; path = "Pods/Target Support Files/Pods-ZJPhotoBrower/Pods-ZJPhotoBrower.release.xcconfig"; sourceTree = "<group>"; };
		DF48E062D530164CF8A69782 /* Pods-ZJPhotoBrower.debug.xcconfig */ = {isa = PBXFileReference; includeInIndex = 1; lastKnownFileType = text.xcconfig; name = "Pods-ZJPhotoBrower.debug.xcconfig"; path = "Pods/Target Support Files/Pods-ZJPhotoBrower/Pods-ZJPhotoBrower.debug.xcconfig"; sourceTree = "<group>"; };
/* End PBXFileReference section */

/* Begin PBXFrameworksBuildPhase section */
		1C57782B1E52A4EF00550E0E /* Frameworks */ = {
			isa = PBXFrameworksBuildPhase;
			buildActionMask = 2147483647;
			files = (
				5004896B19D1F3CEB111E2EA /* libPods-ZJPhotoBrower.a in Frameworks */,
			);
			runOnlyForDeploymentPostprocessing = 0;
		};
		1C5778441E52A4EF00550E0E /* Frameworks */ = {
			isa = PBXFrameworksBuildPhase;
			buildActionMask = 2147483647;
			files = (
			);
			runOnlyForDeploymentPostprocessing = 0;
		};
		1C57784F1E52A4EF00550E0E /* Frameworks */ = {
			isa = PBXFrameworksBuildPhase;
			buildActionMask = 2147483647;
			files = (
			);
			runOnlyForDeploymentPostprocessing = 0;
		};
/* End PBXFrameworksBuildPhase section */

/* Begin PBXGroup section */
		1C5778251E52A4EF00550E0E = {
			isa = PBXGroup;
			children = (
				1C5778301E52A4EF00550E0E /* ZJPhotoBrower */,
				1C57784A1E52A4EF00550E0E /* ZJPhotoBrowerTests */,
				1C5778551E52A4EF00550E0E /* ZJPhotoBrowerUITests */,
				1C57782F1E52A4EF00550E0E /* Products */,
				69CBF4575C19BB2CEA0EA508 /* Pods */,
				F709EFA0D58677F039BDCBDE /* Frameworks */,
			);
			sourceTree = "<group>";
		};
		1C57782F1E52A4EF00550E0E /* Products */ = {
			isa = PBXGroup;
			children = (
				1C57782E1E52A4EF00550E0E /* ZJPhotoBrower.app */,
				1C5778471E52A4EF00550E0E /* ZJPhotoBrowerTests.xctest */,
				1C5778521E52A4EF00550E0E /* ZJPhotoBrowerUITests.xctest */,
			);
			name = Products;
			sourceTree = "<group>";
		};
		1C5778301E52A4EF00550E0E /* ZJPhotoBrower */ = {
			isa = PBXGroup;
			children = (
				1C5778341E52A4EF00550E0E /* AppDelegate.h */,
				1C5778351E52A4EF00550E0E /* AppDelegate.m */,
				1C55C7561E5A94DA003ECC5B /* ViewController.h */,
				1C55C7571E5A94DA003ECC5B /* ViewController.m */,
				1C5778371E52A4EF00550E0E /* ZJPhotoBrowser.h */,
				1C5778381E52A4EF00550E0E /* ZJPhotoBrowser.m */,
				1C57796E1E52F3C100550E0E /* ZJPhotoView.h */,
				1C57796F1E52F3C100550E0E /* ZJPhotoView.m */,
				1C5779711E52F3FE00550E0E /* ZJProgressLayer.h */,
				1C5779721E52F3FE00550E0E /* ZJProgressLayer.m */,
				1C5779661E52B06000550E0E /* ZJPhotoItem.h */,
				1C5779671E52B06000550E0E /* ZJPhotoItem.m */,
				1C57783A1E52A4EF00550E0E /* Main.storyboard */,
				1C57783D1E52A4EF00550E0E /* Assets.xcassets */,
				1C57783F1E52A4EF00550E0E /* LaunchScreen.storyboard */,
				1C5778421E52A4EF00550E0E /* Info.plist */,
				1C5778311E52A4EF00550E0E /* Supporting Files */,
			);
			path = ZJPhotoBrower;
			sourceTree = "<group>";
		};
		1C5778311E52A4EF00550E0E /* Supporting Files */ = {
			isa = PBXGroup;
			children = (
				1C5778321E52A4EF00550E0E /* main.m */,
			);
			name = "Supporting Files";
			sourceTree = "<group>";
		};
		1C57784A1E52A4EF00550E0E /* ZJPhotoBrowerTests */ = {
			isa = PBXGroup;
			children = (
				1C57784B1E52A4EF00550E0E /* ZJPhotoBrowerTests.m */,
				1C57784D1E52A4EF00550E0E /* Info.plist */,
			);
			path = ZJPhotoBrowerTests;
			sourceTree = "<group>";
		};
		1C5778551E52A4EF00550E0E /* ZJPhotoBrowerUITests */ = {
			isa = PBXGroup;
			children = (
				1C5778561E52A4EF00550E0E /* ZJPhotoBrowerUITests.m */,
				1C5778581E52A4EF00550E0E /* Info.plist */,
			);
			path = ZJPhotoBrowerUITests;
			sourceTree = "<group>";
		};
		69CBF4575C19BB2CEA0EA508 /* Pods */ = {
			isa = PBXGroup;
			children = (
				DF48E062D530164CF8A69782 /* Pods-ZJPhotoBrower.debug.xcconfig */,
				D5AA4AF028E2D1E605B420ED /* Pods-ZJPhotoBrower.release.xcconfig */,
			);
			name = Pods;
			sourceTree = "<group>";
		};
		F709EFA0D58677F039BDCBDE /* Frameworks */ = {
			isa = PBXGroup;
			children = (
				7FAF82F0B7179C30037AF43B /* libPods-ZJPhotoBrower.a */,
			);
			name = Frameworks;
			sourceTree = "<group>";
		};
/* End PBXGroup section */

/* Begin PBXNativeTarget section */
		1C57782D1E52A4EF00550E0E /* ZJPhotoBrower */ = {
			isa = PBXNativeTarget;
			buildConfigurationList = 1C57785B1E52A4EF00550E0E /* Build configuration list for PBXNativeTarget "ZJPhotoBrower" */;
			buildPhases = (
				ADFE59FDB8177C81311549C4 /* [CP] Check Pods Manifest.lock */,
				1C57782A1E52A4EF00550E0E /* Sources */,
				1C57782B1E52A4EF00550E0E /* Frameworks */,
				1C57782C1E52A4EF00550E0E /* Resources */,
				C319FD126A51DFC674288547 /* [CP] Embed Pods Frameworks */,
				B5A01336EFBE286A4C3CAA6A /* [CP] Copy Pods Resources */,
			);
			buildRules = (
			);
			dependencies = (
			);
			name = ZJPhotoBrower;
			productName = ZJPhotoBrower;
			productReference = 1C57782E1E52A4EF00550E0E /* ZJPhotoBrower.app */;
			productType = "com.apple.product-type.application";
		};
		1C5778461E52A4EF00550E0E /* ZJPhotoBrowerTests */ = {
			isa = PBXNativeTarget;
			buildConfigurationList = 1C57785E1E52A4EF00550E0E /* Build configuration list for PBXNativeTarget "ZJPhotoBrowerTests" */;
			buildPhases = (
				1C5778431E52A4EF00550E0E /* Sources */,
				1C5778441E52A4EF00550E0E /* Frameworks */,
				1C5778451E52A4EF00550E0E /* Resources */,
			);
			buildRules = (
			);
			dependencies = (
				1C5778491E52A4EF00550E0E /* PBXTargetDependency */,
			);
			name = ZJPhotoBrowerTests;
			productName = ZJPhotoBrowerTests;
			productReference = 1C5778471E52A4EF00550E0E /* ZJPhotoBrowerTests.xctest */;
			productType = "com.apple.product-type.bundle.unit-test";
		};
		1C5778511E52A4EF00550E0E /* ZJPhotoBrowerUITests */ = {
			isa = PBXNativeTarget;
			buildConfigurationList = 1C5778611E52A4EF00550E0E /* Build configuration list for PBXNativeTarget "ZJPhotoBrowerUITests" */;
			buildPhases = (
				1C57784E1E52A4EF00550E0E /* Sources */,
				1C57784F1E52A4EF00550E0E /* Frameworks */,
				1C5778501E52A4EF00550E0E /* Resources */,
			);
			buildRules = (
			);
			dependencies = (
				1C5778541E52A4EF00550E0E /* PBXTargetDependency */,
			);
			name = ZJPhotoBrowerUITests;
			productName = ZJPhotoBrowerUITests;
			productReference = 1C5778521E52A4EF00550E0E /* ZJPhotoBrowerUITests.xctest */;
			productType = "com.apple.product-type.bundle.ui-testing";
		};
/* End PBXNativeTarget section */

/* Begin PBXProject section */
		1C5778261E52A4EF00550E0E /* Project object */ = {
			isa = PBXProject;
			attributes = {
				LastUpgradeCheck = 0820;
				ORGANIZATIONNAME = "吴孜健";
				TargetAttributes = {
					1C57782D1E52A4EF00550E0E = {
						CreatedOnToolsVersion = 8.2.1;
						DevelopmentTeam = S2M8YGAD46;
						ProvisioningStyle = Automatic;
					};
					1C5778461E52A4EF00550E0E = {
						CreatedOnToolsVersion = 8.2.1;
						ProvisioningStyle = Automatic;
						TestTargetID = 1C57782D1E52A4EF00550E0E;
					};
					1C5778511E52A4EF00550E0E = {
						CreatedOnToolsVersion = 8.2.1;
						ProvisioningStyle = Automatic;
						TestTargetID = 1C57782D1E52A4EF00550E0E;
					};
				};
			};
			buildConfigurationList = 1C5778291E52A4EF00550E0E /* Build configuration list for PBXProject "ZJPhotoBrower" */;
			compatibilityVersion = "Xcode 3.2";
			developmentRegion = English;
			hasScannedForEncodings = 0;
			knownRegions = (
				en,
				Base,
			);
			mainGroup = 1C5778251E52A4EF00550E0E;
			productRefGroup = 1C57782F1E52A4EF00550E0E /* Products */;
			projectDirPath = "";
			projectRoot = "";
			targets = (
				1C57782D1E52A4EF00550E0E /* ZJPhotoBrower */,
				1C5778461E52A4EF00550E0E /* ZJPhotoBrowerTests */,
				1C5778511E52A4EF00550E0E /* ZJPhotoBrowerUITests */,
			);
		};
/* End PBXProject section */

/* Begin PBXResourcesBuildPhase section */
		1C57782C1E52A4EF00550E0E /* Resources */ = {
			isa = PBXResourcesBuildPhase;
			buildActionMask = 2147483647;
			files = (
				1C5778411E52A4EF00550E0E /* LaunchScreen.storyboard in Resources */,
				1C57783E1E52A4EF00550E0E /* Assets.xcassets in Resources */,
				1C57783C1E52A4EF00550E0E /* Main.storyboard in Resources */,
			);
			runOnlyForDeploymentPostprocessing = 0;
		};
		1C5778451E52A4EF00550E0E /* Resources */ = {
			isa = PBXResourcesBuildPhase;
			buildActionMask = 2147483647;
			files = (
			);
			runOnlyForDeploymentPostprocessing = 0;
		};
		1C5778501E52A4EF00550E0E /* Resources */ = {
			isa = PBXResourcesBuildPhase;
			buildActionMask = 2147483647;
			files = (
			);
			runOnlyForDeploymentPostprocessing = 0;
		};
/* End PBXResourcesBuildPhase section */

/* Begin PBXShellScriptBuildPhase section */
		ADFE59FDB8177C81311549C4 /* [CP] Check Pods Manifest.lock */ = {
			isa = PBXShellScriptBuildPhase;
			buildActionMask = 2147483647;
			files = (
			);
			inputPaths = (
			);
			name = "[CP] Check Pods Manifest.lock";
			outputPaths = (
			);
			runOnlyForDeploymentPostprocessing = 0;
			shellPath = /bin/sh;
			shellScript = "diff \"${PODS_ROOT}/../Podfile.lock\" \"${PODS_ROOT}/Manifest.lock\" > /dev/null\nif [ $? != 0 ] ; then\n    # print error to STDERR\n    echo \"error: The sandbox is not in sync with the Podfile.lock. Run 'pod install' or update your CocoaPods installation.\" >&2\n    exit 1\nfi\n";
			showEnvVarsInLog = 0;
		};
		B5A01336EFBE286A4C3CAA6A /* [CP] Copy Pods Resources */ = {
			isa = PBXShellScriptBuildPhase;
			buildActionMask = 2147483647;
			files = (
			);
			inputPaths = (
			);
			name = "[CP] Copy Pods Resources";
			outputPaths = (
			);
			runOnlyForDeploymentPostprocessing = 0;
			shellPath = /bin/sh;
			shellScript = "\"${SRCROOT}/Pods/Target Support Files/Pods-ZJPhotoBrower/Pods-ZJPhotoBrower-resources.sh\"\n";
			showEnvVarsInLog = 0;
		};
		C319FD126A51DFC674288547 /* [CP] Embed Pods Frameworks */ = {
			isa = PBXShellScriptBuildPhase;
			buildActionMask = 2147483647;
			files = (
			);
			inputPaths = (
			);
			name = "[CP] Embed Pods Frameworks";
			outputPaths = (
			);
			runOnlyForDeploymentPostprocessing = 0;
			shellPath = /bin/sh;
			shellScript = "\"${SRCROOT}/Pods/Target Support Files/Pods-ZJPhotoBrower/Pods-ZJPhotoBrower-frameworks.sh\"\n";
			showEnvVarsInLog = 0;
		};
/* End PBXShellScriptBuildPhase section */

/* Begin PBXSourcesBuildPhase section */
		1C57782A1E52A4EF00550E0E /* Sources */ = {
			isa = PBXSourcesBuildPhase;
			buildActionMask = 2147483647;
			files = (
				1C5779681E52B06000550E0E /* ZJPhotoItem.m in Sources */,
				1C5778391E52A4EF00550E0E /* ZJPhotoBrowser.m in Sources */,
				1C5779701E52F3C100550E0E /* ZJPhotoView.m in Sources */,
				1C5778361E52A4EF00550E0E /* AppDelegate.m in Sources */,
				1C5779731E52F3FE00550E0E /* ZJProgressLayer.m in Sources */,
				1C5778331E52A4EF00550E0E /* main.m in Sources */,
				1C55C7581E5A94DA003ECC5B /* ViewController.m in Sources */,
			);
			runOnlyForDeploymentPostprocessing = 0;
		};
		1C5778431E52A4EF00550E0E /* Sources */ = {
			isa = PBXSourcesBuildPhase;
			buildActionMask = 2147483647;
			files = (
				1C57784C1E52A4EF00550E0E /* ZJPhotoBrowerTests.m in Sources */,
			);
			runOnlyForDeploymentPostprocessing = 0;
		};
		1C57784E1E52A4EF00550E0E /* Sources */ = {
			isa = PBXSourcesBuildPhase;
			buildActionMask = 2147483647;
			files = (
				1C5778571E52A4EF00550E0E /* ZJPhotoBrowerUITests.m in Sources */,
			);
			runOnlyForDeploymentPostprocessing = 0;
		};
/* End PBXSourcesBuildPhase section */

/* Begin PBXTargetDependency section */
		1C5778491E52A4EF00550E0E /* PBXTargetDependency */ = {
			isa = PBXTargetDependency;
			target = 1C57782D1E52A4EF00550E0E /* ZJPhotoBrower */;
			targetProxy = 1C5778481E52A4EF00550E0E /* PBXContainerItemProxy */;
		};
		1C5778541E52A4EF00550E0E /* PBXTargetDependency */ = {
			isa = PBXTargetDependency;
			target = 1C57782D1E52A4EF00550E0E /* ZJPhotoBrower */;
			targetProxy = 1C5778531E52A4EF00550E0E /* PBXContainerItemProxy */;
		};
/* End PBXTargetDependency section */

/* Begin PBXVariantGroup section */
		1C57783A1E52A4EF00550E0E /* Main.storyboard */ = {
			isa = PBXVariantGroup;
			children = (
				1C57783B1E52A4EF00550E0E /* Base */,
			);
			name = Main.storyboard;
			sourceTree = "<group>";
		};
		1C57783F1E52A4EF00550E0E /* LaunchScreen.storyboard */ = {
			isa = PBXVariantGroup;
			children = (
				1C5778401E52A4EF00550E0E /* Base */,
			);
			name = LaunchScreen.storyboard;
			sourceTree = "<group>";
		};
/* End PBXVariantGroup section */

/* Begin XCBuildConfiguration section */
		1C5778591E52A4EF00550E0E /* Debug */ = {
			isa = XCBuildConfiguration;
			buildSettings = {
				ALWAYS_SEARCH_USER_PATHS = NO;
				CLANG_ANALYZER_NONNULL = YES;
				CLANG_CXX_LANGUAGE_STANDARD = "gnu++0x";
				CLANG_CXX_LIBRARY = "libc++";
				CLANG_ENABLE_MODULES = YES;
				CLANG_ENABLE_OBJC_ARC = YES;
				CLANG_WARN_BOOL_CONVERSION = YES;
				CLANG_WARN_CONSTANT_CONVERSION = YES;
				CLANG_WARN_DIRECT_OBJC_ISA_USAGE = YES_ERROR;
				CLANG_WARN_DOCUMENTATION_COMMENTS = YES;
				CLANG_WARN_EMPTY_BODY = YES;
				CLANG_WARN_ENUM_CONVERSION = YES;
				CLANG_WARN_INFINITE_RECURSION = YES;
				CLANG_WARN_INT_CONVERSION = YES;
				CLANG_WARN_OBJC_ROOT_CLASS = YES_ERROR;
				CLANG_WARN_SUSPICIOUS_MOVE = YES;
				CLANG_WARN_UNREACHABLE_CODE = YES;
				CLANG_WARN__DUPLICATE_METHOD_MATCH = YES;
				"CODE_SIGN_IDENTITY[sdk=iphoneos*]" = "iPhone Developer";
				COPY_PHASE_STRIP = NO;
				DEBUG_INFORMATION_FORMAT = dwarf;
				ENABLE_STRICT_OBJC_MSGSEND = YES;
				ENABLE_TESTABILITY = YES;
				GCC_C_LANGUAGE_STANDARD = gnu99;
				GCC_DYNAMIC_NO_PIC = NO;
				GCC_NO_COMMON_BLOCKS = YES;
				GCC_OPTIMIZATION_LEVEL = 0;
				GCC_PREPROCESSOR_DEFINITIONS = (
					"DEBUG=1",
					"$(inherited)",
				);
				GCC_WARN_64_TO_32_BIT_CONVERSION = YES;
				GCC_WARN_ABOUT_RETURN_TYPE = YES_ERROR;
				GCC_WARN_UNDECLARED_SELECTOR = YES;
				GCC_WARN_UNINITIALIZED_AUTOS = YES_AGGRESSIVE;
				GCC_WARN_UNUSED_FUNCTION = YES;
				GCC_WARN_UNUSED_VARIABLE = YES;
				IPHONEOS_DEPLOYMENT_TARGET = 10.2;
				MTL_ENABLE_DEBUG_INFO = YES;
				ONLY_ACTIVE_ARCH = YES;
				SDKROOT = iphoneos;
				TARGETED_DEVICE_FAMILY = "1,2";
			};
			name = Debug;
		};
		1C57785A1E52A4EF00550E0E /* Release */ = {
			isa = XCBuildConfiguration;
			buildSettings = {
				ALWAYS_SEARCH_USER_PATHS = NO;
				CLANG_ANALYZER_NONNULL = YES;
				CLANG_CXX_LANGUAGE_STANDARD = "gnu++0x";
				CLANG_CXX_LIBRARY = "libc++";
				CLANG_ENABLE_MODULES = YES;
				CLANG_ENABLE_OBJC_ARC = YES;
				CLANG_WARN_BOOL_CONVERSION = YES;
				CLANG_WARN_CONSTANT_CONVERSION = YES;
				CLANG_WARN_DIRECT_OBJC_ISA_USAGE = YES_ERROR;
				CLANG_WARN_DOCUMENTATION_COMMENTS = YES;
				CLANG_WARN_EMPTY_BODY = YES;
				CLANG_WARN_ENUM_CONVERSION = YES;
				CLANG_WARN_INFINITE_RECURSION = YES;
				CLANG_WARN_INT_CONVERSION = YES;
				CLANG_WARN_OBJC_ROOT_CLASS = YES_ERROR;
				CLANG_WARN_SUSPICIOUS_MOVE = YES;
				CLANG_WARN_UNREACHABLE_CODE = YES;
				CLANG_WARN__DUPLICATE_METHOD_MATCH = YES;
				"CODE_SIGN_IDENTITY[sdk=iphoneos*]" = "iPhone Developer";
				COPY_PHASE_STRIP = NO;
				DEBUG_INFORMATION_FORMAT = "dwarf-with-dsym";
				ENABLE_NS_ASSERTIONS = NO;
				ENABLE_STRICT_OBJC_MSGSEND = YES;
				GCC_C_LANGUAGE_STANDARD = gnu99;
				GCC_NO_COMMON_BLOCKS = YES;
				GCC_WARN_64_TO_32_BIT_CONVERSION = YES;
				GCC_WARN_ABOUT_RETURN_TYPE = YES_ERROR;
				GCC_WARN_UNDECLARED_SELECTOR = YES;
				GCC_WARN_UNINITIALIZED_AUTOS = YES_AGGRESSIVE;
				GCC_WARN_UNUSED_FUNCTION = YES;
				GCC_WARN_UNUSED_VARIABLE = YES;
				IPHONEOS_DEPLOYMENT_TARGET = 10.2;
				MTL_ENABLE_DEBUG_INFO = NO;
				SDKROOT = iphoneos;
				TARGETED_DEVICE_FAMILY = "1,2";
				VALIDATE_PRODUCT = YES;
			};
			name = Release;
		};
		1C57785C1E52A4EF00550E0E /* Debug */ = {
			isa = XCBuildConfiguration;
			baseConfigurationReference = DF48E062D530164CF8A69782 /* Pods-ZJPhotoBrower.debug.xcconfig */;
			buildSettings = {
				ASSETCATALOG_COMPILER_APPICON_NAME = AppIcon;
				DEVELOPMENT_TEAM = S2M8YGAD46;
				INFOPLIST_FILE = ZJPhotoBrower/Info.plist;
				IPHONEOS_DEPLOYMENT_TARGET = 8.0;
				LD_RUNPATH_SEARCH_PATHS = "$(inherited) @executable_path/Frameworks";
				PRODUCT_BUNDLE_IDENTIFIER = ss.ZJPhotoBrowser;
				PRODUCT_NAME = "$(TARGET_NAME)";
			};
			name = Debug;
		};
		1C57785D1E52A4EF00550E0E /* Release */ = {
			isa = XCBuildConfiguration;
			baseConfigurationReference = D5AA4AF028E2D1E605B420ED /* Pods-ZJPhotoBrower.release.xcconfig */;
			buildSettings = {
				ASSETCATALOG_COMPILER_APPICON_NAME = AppIcon;
				DEVELOPMENT_TEAM = S2M8YGAD46;
				INFOPLIST_FILE = ZJPhotoBrower/Info.plist;
				IPHONEOS_DEPLOYMENT_TARGET = 8.0;
				LD_RUNPATH_SEARCH_PATHS = "$(inherited) @executable_path/Frameworks";
				PRODUCT_BUNDLE_IDENTIFIER = ss.ZJPhotoBrowser;
				PRODUCT_NAME = "$(TARGET_NAME)";
			};
			name = Release;
		};
		1C57785F1E52A4EF00550E0E /* Debug */ = {
			isa = XCBuildConfiguration;
			buildSettings = {
				BUNDLE_LOADER = "$(TEST_HOST)";
				INFOPLIST_FILE = ZJPhotoBrowerTests/Info.plist;
				LD_RUNPATH_SEARCH_PATHS = "$(inherited) @executable_path/Frameworks @loader_path/Frameworks";
				PRODUCT_BUNDLE_IDENTIFIER = ss.ZJPhotoBrowerTests;
				PRODUCT_NAME = "$(TARGET_NAME)";
				TEST_HOST = "$(BUILT_PRODUCTS_DIR)/ZJPhotoBrower.app/ZJPhotoBrower";
			};
			name = Debug;
		};
		1C5778601E52A4EF00550E0E /* Release */ = {
			isa = XCBuildConfiguration;
			buildSettings = {
				BUNDLE_LOADER = "$(TEST_HOST)";
				INFOPLIST_FILE = ZJPhotoBrowerTests/Info.plist;
				LD_RUNPATH_SEARCH_PATHS = "$(inherited) @executable_path/Frameworks @loader_path/Frameworks";
				PRODUCT_BUNDLE_IDENTIFIER = ss.ZJPhotoBrowerTests;
				PRODUCT_NAME = "$(TARGET_NAME)";
				TEST_HOST = "$(BUILT_PRODUCTS_DIR)/ZJPhotoBrower.app/ZJPhotoBrower";
			};
			name = Release;
		};
		1C5778621E52A4EF00550E0E /* Debug */ = {
			isa = XCBuildConfiguration;
			buildSettings = {
				INFOPLIST_FILE = ZJPhotoBrowerUITests/Info.plist;
				LD_RUNPATH_SEARCH_PATHS = "$(inherited) @executable_path/Frameworks @loader_path/Frameworks";
				PRODUCT_BUNDLE_IDENTIFIER = ss.ZJPhotoBrowerUITests;
				PRODUCT_NAME = "$(TARGET_NAME)";
				TEST_TARGET_NAME = ZJPhotoBrower;
			};
			name = Debug;
		};
		1C5778631E52A4EF00550E0E /* Release */ = {
			isa = XCBuildConfiguration;
			buildSettings = {
				INFOPLIST_FILE = ZJPhotoBrowerUITests/Info.plist;
				LD_RUNPATH_SEARCH_PATHS = "$(inherited) @executable_path/Frameworks @loader_path/Frameworks";
				PRODUCT_BUNDLE_IDENTIFIER = ss.ZJPhotoBrowerUITests;
				PRODUCT_NAME = "$(TARGET_NAME)";
				TEST_TARGET_NAME = ZJPhotoBrower;
			};
			name = Release;
		};
/* End XCBuildConfiguration section */

/* Begin XCConfigurationList section */
		1C5778291E52A4EF00550E0E /* Build configuration list for PBXProject "ZJPhotoBrower" */ = {
			isa = XCConfigurationList;
			buildConfigurations = (
				1C5778591E52A4EF00550E0E /* Debug */,
				1C57785A1E52A4EF00550E0E /* Release */,
			);
			defaultConfigurationIsVisible = 0;
			defaultConfigurationName = Release;
		};
		1C57785B1E52A4EF00550E0E /* Build configuration list for PBXNativeTarget "ZJPhotoBrower" */ = {
			isa = XCConfigurationList;
			buildConfigurations = (
				1C57785C1E52A4EF00550E0E /* Debug */,
				1C57785D1E52A4EF00550E0E /* Release */,
			);
			defaultConfigurationIsVisible = 0;
			defaultConfigurationName = Release;
		};
		1C57785E1E52A4EF00550E0E /* Build configuration list for PBXNativeTarget "ZJPhotoBrowerTests" */ = {
			isa = XCConfigurationList;
			buildConfigurations = (
				1C57785F1E52A4EF00550E0E /* Debug */,
				1C5778601E52A4EF00550E0E /* Release */,
			);
			defaultConfigurationIsVisible = 0;
			defaultConfigurationName = Release;
		};
		1C5778611E52A4EF00550E0E /* Build configuration list for PBXNativeTarget "ZJPhotoBrowerUITests" */ = {
			isa = XCConfigurationList;
			buildConfigurations = (
				1C5778621E52A4EF00550E0E /* Debug */,
				1C5778631E52A4EF00550E0E /* Release */,
			);
			defaultConfigurationIsVisible = 0;
			defaultConfigurationName = Release;
		};
/* End XCConfigurationList section */
	};
	rootObject = 1C5778261E52A4EF00550E0E /* Project object */;
}
